// !$*UTF8*$!
{
	archiveVersion = 1;
	classes = {
	};
	objectVersion = 50;
	objects = {

/* Begin PBXBuildFile section */
		164F864424E7F097000E5B4A /* DetailedView.swift in Sources */ = {isa = PBXBuildFile; fileRef = 164F864324E7F097000E5B4A /* DetailedView.swift */; };
		164F864624E7F2FA000E5B4A /* BottomTabBar.swift in Sources */ = {isa = PBXBuildFile; fileRef = 164F864524E7F2FA000E5B4A /* BottomTabBar.swift */; };
		164F864824E7F6BC000E5B4A /* StoryView.swift in Sources */ = {isa = PBXBuildFile; fileRef = 164F864724E7F6BC000E5B4A /* StoryView.swift */; };
		164F864A24E7FDD8000E5B4A /* CardView.swift in Sources */ = {isa = PBXBuildFile; fileRef = 164F864924E7FDD8000E5B4A /* CardView.swift */; };
		164F864C24E800DE000E5B4A /* SearchView.swift in Sources */ = {isa = PBXBuildFile; fileRef = 164F864B24E800DE000E5B4A /* SearchView.swift */; };
		164F864E24E805C9000E5B4A /* SingleFlight.swift in Sources */ = {isa = PBXBuildFile; fileRef = 164F864D24E805C9000E5B4A /* SingleFlight.swift */; };
		164F865024E80A62000E5B4A /* RatingView.swift in Sources */ = {isa = PBXBuildFile; fileRef = 164F864F24E80A61000E5B4A /* RatingView.swift */; };
		16681C2624E1223C00C08875 /* TravelingAppApp.swift in Sources */ = {isa = PBXBuildFile; fileRef = 16681C2524E1223C00C08875 /* TravelingAppApp.swift */; };
		16681C2824E1223C00C08875 /* ContentView.swift in Sources */ = {isa = PBXBuildFile; fileRef = 16681C2724E1223C00C08875 /* ContentView.swift */; };
		16681C2A24E1223D00C08875 /* Assets.xcassets in Resources */ = {isa = PBXBuildFile; fileRef = 16681C2924E1223D00C08875 /* Assets.xcassets */; };
		16681C2D24E1223D00C08875 /* Preview Assets.xcassets in Resources */ = {isa = PBXBuildFile; fileRef = 16681C2C24E1223D00C08875 /* Preview Assets.xcassets */; };
/* End PBXBuildFile section */

/* Begin PBXFileReference section */
		164F864324E7F097000E5B4A /* DetailedView.swift */ = {isa = PBXFileReference; lastKnownFileType = sourcecode.swift; path = DetailedView.swift; sourceTree = "<group>"; };
		164F864524E7F2FA000E5B4A /* BottomTabBar.swift */ = {isa = PBXFileReference; lastKnownFileType = sourcecode.swift; path = BottomTabBar.swift; sourceTree = "<group>"; };
		164F864724E7F6BC000E5B4A /* StoryView.swift */ = {isa = PBXFileReference; lastKnownFileType = sourcecode.swift; path = StoryView.swift; sourceTree = "<group>"; };
		164F864924E7FDD8000E5B4A /* CardView.swift */ = {isa = PBXFileReference; lastKnownFileType = sourcecode.swift; path = CardView.swift; sourceTree = "<group>"; };
		164F864B24E800DE000E5B4A /* SearchView.swift */ = {isa = PBXFileReference; fileEncoding = 4; lastKnownFileType = sourcecode.swift; path = SearchView.swift; sourceTree = "<group>"; };
		164F864D24E805C9000E5B4A /* SingleFlight.swift */ = {isa = PBXFileReference; lastKnownFileType = sourcecode.swift; path = SingleFlight.swift; sourceTree = "<group>"; };
		164F864F24E80A61000E5B4A /* RatingView.swift */ = {isa = PBXFileReference; lastKnownFileType = sourcecode.swift; path = RatingView.swift; sourceTree = "<group>"; };
		16681C2224E1223C00C08875 /* TravelingApp.app */ = {isa = PBXFileReference; explicitFileType = wrapper.application; includeInIndex = 0; path = TravelingApp.app; sourceTree = BUILT_PRODUCTS_DIR; };
		16681C2524E1223C00C08875 /* TravelingAppApp.swift */ = {isa = PBXFileReference; lastKnownFileType = sourcecode.swift; path = TravelingAppApp.swift; sourceTree = "<group>"; };
		16681C2724E1223C00C08875 /* ContentView.swift */ = {isa = PBXFileReference; lastKnownFileType = sourcecode.swift; path = ContentView.swift; sourceTree = "<group>"; };
		16681C2924E1223D00C08875 /* Assets.xcassets */ = {isa = PBXFileReference; lastKnownFileType = folder.assetcatalog; path = Assets.xcassets; sourceTree = "<group>"; };
		16681C2C24E1223D00C08875 /* Preview Assets.xcassets */ = {isa = PBXFileReference; lastKnownFileType = folder.assetcatalog; path = "Preview Assets.xcassets"; sourceTree = "<group>"; };
		16681C2E24E1223D00C08875 /* Info.plist */ = {isa = PBXFileReference; lastKnownFileType = text.plist.xml; path = Info.plist; sourceTree = "<group>"; };
/* End PBXFileReference section */

/* Begin PBXFrameworksBuildPhase section */
		16681C1F24E1223C00C08875 /* Frameworks */ = {
			isa = PBXFrameworksBuildPhase;
			buildActionMask = 2147483647;
			files = (
			);
			runOnlyForDeploymentPostprocessing = 0;
		};
/* End PBXFrameworksBuildPhase section */

/* Begin PBXGroup section */
		16681C1924E1223C00C08875 = {
			isa = PBXGroup;
			children = (
				16681C2424E1223C00C08875 /* TravelingApp */,
				16681C2324E1223C00C08875 /* Products */,
			);
			sourceTree = "<group>";
		};
		16681C2324E1223C00C08875 /* Products */ = {
			isa = PBXGroup;
			children = (
				16681C2224E1223C00C08875 /* TravelingApp.app */,
			);
			name = Products;
			sourceTree = "<group>";
		};
		16681C2424E1223C00C08875 /* TravelingApp */ = {
			isa = PBXGroup;
			children = (
				16681C2724E1223C00C08875 /* ContentView.swift */,
				164F864924E7FDD8000E5B4A /* CardView.swift */,
				164F864B24E800DE000E5B4A /* SearchView.swift */,
				164F864724E7F6BC000E5B4A /* StoryView.swift */,
				164F864524E7F2FA000E5B4A /* BottomTabBar.swift */,
				164F864F24E80A61000E5B4A /* RatingView.swift */,
				164F864324E7F097000E5B4A /* DetailedView.swift */,
				164F864D24E805C9000E5B4A /* SingleFlight.swift */,
				16681C2524E1223C00C08875 /* TravelingAppApp.swift */,
				16681C2924E1223D00C08875 /* Assets.xcassets */,
				16681C2E24E1223D00C08875 /* Info.plist */,
				16681C2B24E1223D00C08875 /* Preview Content */,
			);
			path = TravelingApp;
			sourceTree = "<group>";
		};
		16681C2B24E1223D00C08875 /* Preview Content */ = {
			isa = PBXGroup;
			children = (
				16681C2C24E1223D00C08875 /* Preview Assets.xcassets */,
			);
			path = "Preview Content";
			sourceTree = "<group>";
		};
/* End PBXGroup section */

/* Begin PBXNativeTarget section */
		16681C2124E1223C00C08875 /* TravelingApp */ = {
			isa = PBXNativeTarget;
			buildConfigurationList = 16681C3124E1223D00C08875 /* Build configuration list for PBXNativeTarget "TravelingApp" */;
			buildPhases = (
				16681C1E24E1223C00C08875 /* Sources */,
				16681C1F24E1223C00C08875 /* Frameworks */,
				16681C2024E1223C00C08875 /* Resources */,
			);
			buildRules = (
			);
			dependencies = (
			);
			name = TravelingApp;
			productName = TravelingApp;
			productReference = 16681C2224E1223C00C08875 /* TravelingApp.app */;
			productType = "com.apple.product-type.application";
		};
/* End PBXNativeTarget section */

/* Begin PBXProject section */
		16681C1A24E1223C00C08875 /* Project object */ = {
			isa = PBXProject;
			attributes = {
				LastSwiftUpdateCheck = 1200;
				LastUpgradeCheck = 1200;
				TargetAttributes = {
					16681C2124E1223C00C08875 = {
						CreatedOnToolsVersion = 12.0;
					};
				};
			};
			buildConfigurationList = 16681C1D24E1223C00C08875 /* Build configuration list for PBXProject "TravelingApp" */;
			compatibilityVersion = "Xcode 9.3";
			developmentRegion = en;
			hasScannedForEncodings = 0;
			knownRegions = (
				en,
				Base,
			);
			mainGroup = 16681C1924E1223C00C08875;
			productRefGroup = 16681C2324E1223C00C08875 /* Products */;
			projectDirPath = "";
			projectRoot = "";
			targets = (
				16681C2124E1223C00C08875 /* TravelingApp */,
			);
		};
/* End PBXProject section */

/* Begin PBXResourcesBuildPhase section */
		16681C2024E1223C00C08875 /* Resources */ = {
			isa = PBXResourcesBuildPhase;
			buildActionMask = 2147483647;
			files = (
				16681C2D24E1223D00C08875 /* Preview Assets.xcassets in Resources */,
				16681C2A24E1223D00C08875 /* Assets.xcassets in Resources */,
			);
			runOnlyForDeploymentPostprocessing = 0;
		};
/* End PBXResourcesBuildPhase section */

/* Begin PBXSourcesBuildPhase section */
		16681C1E24E1223C00C08875 /* Sources */ = {
			isa = PBXSourcesBuildPhase;
			buildActionMask = 2147483647;
			files = (
				164F864824E7F6BC000E5B4A /* StoryView.swift in Sources */,
				16681C2824E1223C00C08875 /* ContentView.swift in Sources */,
				164F864424E7F097000E5B4A /* DetailedView.swift in Sources */,
				164F865024E80A62000E5B4A /* RatingView.swift in Sources */,
				164F864C24E800DE000E5B4A /* SearchView.swift in Sources */,
				164F864624E7F2FA000E5B4A /* BottomTabBar.swift in Sources */,
				164F864E24E805C9000E5B4A /* SingleFlight.swift in Sources */,
				164F864A24E7FDD8000E5B4A /* CardView.swift in Sources */,
				16681C2624E1223C00C08875 /* TravelingAppApp.swift in Sources */,
			);
			runOnlyForDeploymentPostprocessing = 0;
		};
/* End PBXSourcesBuildPhase section */

/* Begin XCBuildConfiguration section */
		16681C2F24E1223D00C08875 /* Debug */ = {
			isa = XCBuildConfiguration;
			buildSettings = {
				ALWAYS_SEARCH_USER_PATHS = NO;
				CLANG_ANALYZER_NONNULL = YES;
				CLANG_ANALYZER_NUMBER_OBJECT_CONVERSION = YES_AGGRESSIVE;
				CLANG_CXX_LANGUAGE_STANDARD = "gnu++14";
				CLANG_CXX_LIBRARY = "libc++";
				CLANG_ENABLE_MODULES = YES;
				CLANG_ENABLE_OBJC_ARC = YES;
				CLANG_ENABLE_OBJC_WEAK = YES;
				CLANG_WARN_BLOCK_CAPTURE_AUTORELEASING = YES;
				CLANG_WARN_BOOL_CONVERSION = YES;
				CLANG_WARN_COMMA = YES;
				CLANG_WARN_CONSTANT_CONVERSION = YES;
				CLANG_WARN_DEPRECATED_OBJC_IMPLEMENTATIONS = YES;
				CLANG_WARN_DIRECT_OBJC_ISA_USAGE = YES_ERROR;
				CLANG_WARN_DOCUMENTATION_COMMENTS = YES;
				CLANG_WARN_EMPTY_BODY = YES;
				CLANG_WARN_ENUM_CONVERSION = YES;
				CLANG_WARN_INFINITE_RECURSION = YES;
				CLANG_WARN_INT_CONVERSION = YES;
				CLANG_WARN_NON_LITERAL_NULL_CONVERSION = YES;
				CLANG_WARN_OBJC_IMPLICIT_RETAIN_SELF = YES;
				CLANG_WARN_OBJC_LITERAL_CONVERSION = YES;
				CLANG_WARN_OBJC_ROOT_CLASS = YES_ERROR;
				CLANG_WARN_QUOTED_INCLUDE_IN_FRAMEWORK_HEADER = YES;
				CLANG_WARN_RANGE_LOOP_ANALYSIS = YES;
				CLANG_WARN_STRICT_PROTOTYPES = YES;
				CLANG_WARN_SUSPICIOUS_MOVE = YES;
				CLANG_WARN_UNGUARDED_AVAILABILITY = YES_AGGRESSIVE;
				CLANG_WARN_UNREACHABLE_CODE = YES;
				CLANG_WARN__DUPLICATE_METHOD_MATCH = YES;
				COPY_PHASE_STRIP = NO;
				DEBUG_INFORMATION_FORMAT = dwarf;
				ENABLE_STRICT_OBJC_MSGSEND = YES;
				ENABLE_TESTABILITY = YES;
				GCC_C_LANGUAGE_STANDARD = gnu11;
				GCC_DYNAMIC_NO_PIC = NO;
				GCC_NO_COMMON_BLOCKS = YES;
				GCC_OPTIMIZATION_LEVEL = 0;
				GCC_PREPROCESSOR_DEFINITIONS = (
					"DEBUG=1",
					"$(inherited)",
				);
				GCC_WARN_64_TO_32_BIT_CONVERSION = YES;
				GCC_WARN_ABOUT_RETURN_TYPE = YES_ERROR;
				GCC_WARN_UNDECLARED_SELECTOR = YES;
				GCC_WARN_UNINITIALIZED_AUTOS = YES_AGGRESSIVE;
				GCC_WARN_UNUSED_FUNCTION = YES;
				GCC_WARN_UNUSED_VARIABLE = YES;
				IPHONEOS_DEPLOYMENT_TARGET = 14.0;
				MTL_ENABLE_DEBUG_INFO = INCLUDE_SOURCE;
				MTL_FAST_MATH = YES;
				ONLY_ACTIVE_ARCH = YES;
				SDKROOT = iphoneos;
				SWIFT_ACTIVE_COMPILATION_CONDITIONS = DEBUG;
				SWIFT_OPTIMIZATION_LEVEL = "-Onone";
			};
			name = Debug;
		};
		16681C3024E1223D00C08875 /* Release */ = {
			isa = XCBuildConfiguration;
			buildSettings = {
				ALWAYS_SEARCH_USER_PATHS = NO;
				CLANG_ANALYZER_NONNULL = YES;
				CLANG_ANALYZER_NUMBER_OBJECT_CONVERSION = YES_AGGRESSIVE;
				CLANG_CXX_LANGUAGE_STANDARD = "gnu++14";
				CLANG_CXX_LIBRARY = "libc++";
				CLANG_ENABLE_MODULES = YES;
				CLANG_ENABLE_OBJC_ARC = YES;
				CLANG_ENABLE_OBJC_WEAK = YES;
				CLANG_WARN_BLOCK_CAPTURE_AUTORELEASING = YES;
				CLANG_WARN_BOOL_CONVERSION = YES;
				CLANG_WARN_COMMA = YES;
				CLANG_WARN_CONSTANT_CONVERSION = YES;
				CLANG_WARN_DEPRECATED_OBJC_IMPLEMENTATIONS = YES;
				CLANG_WARN_DIRECT_OBJC_ISA_USAGE = YES_ERROR;
				CLANG_WARN_DOCUMENTATION_COMMENTS = YES;
				CLANG_WARN_EMPTY_BODY = YES;
				CLANG_WARN_ENUM_CONVERSION = YES;
				CLANG_WARN_INFINITE_RECURSION = YES;
				CLANG_WARN_INT_CONVERSION = YES;
				CLANG_WARN_NON_LITERAL_NULL_CONVERSION = YES;
				CLANG_WARN_OBJC_IMPLICIT_RETAIN_SELF = YES;
				CLANG_WARN_OBJC_LITERAL_CONVERSION = YES;
				CLANG_WARN_OBJC_ROOT_CLASS = YES_ERROR;
				CLANG_WARN_QUOTED_INCLUDE_IN_FRAMEWORK_HEADER = YES;
				CLANG_WARN_RANGE_LOOP_ANALYSIS = YES;
				CLANG_WARN_STRICT_PROTOTYPES = YES;
				CLANG_WARN_SUSPICIOUS_MOVE = YES;
				CLANG_WARN_UNGUARDED_AVAILABILITY = YES_AGGRESSIVE;
				CLANG_WARN_UNREACHABLE_CODE = YES;
				CLANG_WARN__DUPLICATE_METHOD_MATCH = YES;
				COPY_PHASE_STRIP = NO;
				DEBUG_INFORMATION_FORMAT = "dwarf-with-dsym";
				ENABLE_NS_ASSERTIONS = NO;
				ENABLE_STRICT_OBJC_MSGSEND = YES;
				GCC_C_LANGUAGE_STANDARD = gnu11;
				GCC_NO_COMMON_BLOCKS = YES;
				GCC_WARN_64_TO_32_BIT_CONVERSION = YES;
				GCC_WARN_ABOUT_RETURN_TYPE = YES_ERROR;
				GCC_WARN_UNDECLARED_SELECTOR = YES;
				GCC_WARN_UNINITIALIZED_AUTOS = YES_AGGRESSIVE;
				GCC_WARN_UNUSED_FUNCTION = YES;
				GCC_WARN_UNUSED_VARIABLE = YES;
				IPHONEOS_DEPLOYMENT_TARGET = 14.0;
				MTL_ENABLE_DEBUG_INFO = NO;
				MTL_FAST_MATH = YES;
				SDKROOT = iphoneos;
				SWIFT_COMPILATION_MODE = wholemodule;
				SWIFT_OPTIMIZATION_LEVEL = "-O";
				VALIDATE_PRODUCT = YES;
			};
			name = Release;
		};
		16681C3224E1223D00C08875 /* Debug */ = {
			isa = XCBuildConfiguration;
			buildSettings = {
				ASSETCATALOG_COMPILER_APPICON_NAME = AppIcon;
				ASSETCATALOG_COMPILER_GLOBAL_ACCENT_COLOR_NAME = AccentColor;
				CODE_SIGN_STYLE = Automatic;
				DEVELOPMENT_ASSET_PATHS = "\"TravelingApp/Preview Content\"";
				ENABLE_PREVIEWS = YES;
				INFOPLIST_FILE = TravelingApp/Info.plist;
				IPHONEOS_DEPLOYMENT_TARGET = 14.0;
				LD_RUNPATH_SEARCH_PATHS = (
					"$(inherited)",
					"@executable_path/Frameworks",
				);
				PRODUCT_BUNDLE_IDENTIFIER = usmanmukhtar.TravelingApp;
				PRODUCT_NAME = "$(TARGET_NAME)";
				SWIFT_VERSION = 5.0;
				TARGETED_DEVICE_FAMILY = "1,2";
			};
			name = Debug;
		};
		16681C3324E1223D00C08875 /* Release */ = {
			isa = XCBuildConfiguration;
			buildSettings = {
				ASSETCATALOG_COMPILER_APPICON_NAME = AppIcon;
				ASSETCATALOG_COMPILER_GLOBAL_ACCENT_COLOR_NAME = AccentColor;
				CODE_SIGN_STYLE = Automatic;
				DEVELOPMENT_ASSET_PATHS = "\"TravelingApp/Preview Content\"";
				ENABLE_PREVIEWS = YES;
				INFOPLIST_FILE = TravelingApp/Info.plist;
				IPHONEOS_DEPLOYMENT_TARGET = 14.0;
				LD_RUNPATH_SEARCH_PATHS = (
					"$(inherited)",
					"@executable_path/Frameworks",
				);
				PRODUCT_BUNDLE_IDENTIFIER = usmanmukhtar.TravelingApp;
				PRODUCT_NAME = "$(TARGET_NAME)";
				SWIFT_VERSION = 5.0;
				TARGETED_DEVICE_FAMILY = "1,2";
			};
			name = Release;
		};
/* End XCBuildConfiguration section */

/* Begin XCConfigurationList section */
		16681C1D24E1223C00C08875 /* Build configuration list for PBXProject "TravelingApp" */ = {
			isa = XCConfigurationList;
			buildConfigurations = (
				16681C2F24E1223D00C08875 /* Debug */,
				16681C3024E1223D00C08875 /* Release */,
			);
			defaultConfigurationIsVisible = 0;
			defaultConfigurationName = Release;
		};
		16681C3124E1223D00C08875 /* Build configuration list for PBXNativeTarget "TravelingApp" */ = {
			isa = XCConfigurationList;
			buildConfigurations = (
				16681C3224E1223D00C08875 /* Debug */,
				16681C3324E1223D00C08875 /* Release */,
			);
			defaultConfigurationIsVisible = 0;
			defaultConfigurationName = Release;
		};
/* End XCConfigurationList section */
	};
	rootObject = 16681C1A24E1223C00C08875 /* Project object */;
}
